// !$*UTF8*$!
{
	archiveVersion = 1;
	classes = {
	};
	objectVersion = 56;
	objects = {

/* Begin PBXBuildFile section */
		39BE28002A8F9DF200624F28 /* DependencyInjectionApp.swift in Sources */ = {isa = PBXBuildFile; fileRef = 39BE27FF2A8F9DF200624F28 /* DependencyInjectionApp.swift */; };
		39BE28042A8F9DF300624F28 /* Assets.xcassets in Resources */ = {isa = PBXBuildFile; fileRef = 39BE28032A8F9DF300624F28 /* Assets.xcassets */; };
		39BE28082A8F9DF300624F28 /* Preview Assets.xcassets in Resources */ = {isa = PBXBuildFile; fileRef = 39BE28072A8F9DF300624F28 /* Preview Assets.xcassets */; };
		39BE28112A8F9E1E00624F28 /* FirstView.swift in Sources */ = {isa = PBXBuildFile; fileRef = 39BE28102A8F9E1E00624F28 /* FirstView.swift */; };
		39BE28132A8F9E2900624F28 /* FirstViewModelProtocol.swift in Sources */ = {isa = PBXBuildFile; fileRef = 39BE28122A8F9E2900624F28 /* FirstViewModelProtocol.swift */; };
		39BE28152A8FA0BC00624F28 /* FirstViewModel.swift in Sources */ = {isa = PBXBuildFile; fileRef = 39BE28142A8FA0BC00624F28 /* FirstViewModel.swift */; };
		39BE28172A8FA24700624F28 /* FirstServiceProtocol.swift in Sources */ = {isa = PBXBuildFile; fileRef = 39BE28162A8FA24700624F28 /* FirstServiceProtocol.swift */; };
		39BE28192A8FA42200624F28 /* FirstServiceMock.swift in Sources */ = {isa = PBXBuildFile; fileRef = 39BE28182A8FA42200624F28 /* FirstServiceMock.swift */; };
		39BE281B2A8FA49700624F28 /* FirstService.swift in Sources */ = {isa = PBXBuildFile; fileRef = 39BE281A2A8FA49700624F28 /* FirstService.swift */; };
		39BE281E2A8FA5BD00624F28 /* SecondView.swift in Sources */ = {isa = PBXBuildFile; fileRef = 39BE281D2A8FA5BD00624F28 /* SecondView.swift */; };
		39BE28202A8FA5CB00624F28 /* SecondViewModelProtocol.swift in Sources */ = {isa = PBXBuildFile; fileRef = 39BE281F2A8FA5CB00624F28 /* SecondViewModelProtocol.swift */; };
		39BE28222A8FA63200624F28 /* SecondServiceProtocol.swift in Sources */ = {isa = PBXBuildFile; fileRef = 39BE28212A8FA63200624F28 /* SecondServiceProtocol.swift */; };
		39BE28242A8FA68D00624F28 /* SecondViewModel.swift in Sources */ = {isa = PBXBuildFile; fileRef = 39BE28232A8FA68D00624F28 /* SecondViewModel.swift */; };
		39BE28262A8FA7C400624F28 /* SecondServiceMock.swift in Sources */ = {isa = PBXBuildFile; fileRef = 39BE28252A8FA7C400624F28 /* SecondServiceMock.swift */; };
		39BE28282A8FA85000624F28 /* SecondViewService.swift in Sources */ = {isa = PBXBuildFile; fileRef = 39BE28272A8FA85000624F28 /* SecondViewService.swift */; };
		39F043222A8FBAD50075C323 /* DependencyInjectionTests.swift in Sources */ = {isa = PBXBuildFile; fileRef = 39F043212A8FBAD50075C323 /* DependencyInjectionTests.swift */; };
		39F0432A2A8FBAFE0075C323 /* FirstViewModelTests.swift in Sources */ = {isa = PBXBuildFile; fileRef = 39F043292A8FBAFE0075C323 /* FirstViewModelTests.swift */; };
		39F0432C2A8FBC7A0075C323 /* FirstServiceTests.swift in Sources */ = {isa = PBXBuildFile; fileRef = 39F0432B2A8FBC7A0075C323 /* FirstServiceTests.swift */; };
		39F0432E2A8FBDA70075C323 /* FirstServiceMockTests.swift in Sources */ = {isa = PBXBuildFile; fileRef = 39F0432D2A8FBDA70075C323 /* FirstServiceMockTests.swift */; };
		39F043312A8FBE350075C323 /* SecondViewModelTests.swift in Sources */ = {isa = PBXBuildFile; fileRef = 39F043302A8FBE350075C323 /* SecondViewModelTests.swift */; };
		39F043332A8FBEAC0075C323 /* SecondServiceTests.swift in Sources */ = {isa = PBXBuildFile; fileRef = 39F043322A8FBEAC0075C323 /* SecondServiceTests.swift */; };
		39F043352A8FBF190075C323 /* SecondServiceMockTests.swift in Sources */ = {isa = PBXBuildFile; fileRef = 39F043342A8FBF190075C323 /* SecondServiceMockTests.swift */; };
/* End PBXBuildFile section */

/* Begin PBXContainerItemProxy section */
		39F043232A8FBAD50075C323 /* PBXContainerItemProxy */ = {
			isa = PBXContainerItemProxy;
			containerPortal = 39BE27F42A8F9DF200624F28 /* Project object */;
			proxyType = 1;
			remoteGlobalIDString = 39BE27FB2A8F9DF200624F28;
			remoteInfo = DependencyInjection;
		};
/* End PBXContainerItemProxy section */

/* Begin PBXFileReference section */
		39BE27FC2A8F9DF200624F28 /* DependencyInjection.app */ = {isa = PBXFileReference; explicitFileType = wrapper.application; includeInIndex = 0; path = DependencyInjection.app; sourceTree = BUILT_PRODUCTS_DIR; };
		39BE27FF2A8F9DF200624F28 /* DependencyInjectionApp.swift */ = {isa = PBXFileReference; lastKnownFileType = sourcecode.swift; path = DependencyInjectionApp.swift; sourceTree = "<group>"; };
		39BE28032A8F9DF300624F28 /* Assets.xcassets */ = {isa = PBXFileReference; lastKnownFileType = folder.assetcatalog; path = Assets.xcassets; sourceTree = "<group>"; };
		39BE28052A8F9DF300624F28 /* DependencyInjection.entitlements */ = {isa = PBXFileReference; lastKnownFileType = text.plist.entitlements; path = DependencyInjection.entitlements; sourceTree = "<group>"; };
		39BE28072A8F9DF300624F28 /* Preview Assets.xcassets */ = {isa = PBXFileReference; lastKnownFileType = folder.assetcatalog; path = "Preview Assets.xcassets"; sourceTree = "<group>"; };
		39BE28102A8F9E1E00624F28 /* FirstView.swift */ = {isa = PBXFileReference; lastKnownFileType = sourcecode.swift; path = FirstView.swift; sourceTree = "<group>"; };
		39BE28122A8F9E2900624F28 /* FirstViewModelProtocol.swift */ = {isa = PBXFileReference; lastKnownFileType = sourcecode.swift; path = FirstViewModelProtocol.swift; sourceTree = "<group>"; };
		39BE28142A8FA0BC00624F28 /* FirstViewModel.swift */ = {isa = PBXFileReference; lastKnownFileType = sourcecode.swift; path = FirstViewModel.swift; sourceTree = "<group>"; };
		39BE28162A8FA24700624F28 /* FirstServiceProtocol.swift */ = {isa = PBXFileReference; lastKnownFileType = sourcecode.swift; path = FirstServiceProtocol.swift; sourceTree = "<group>"; };
		39BE28182A8FA42200624F28 /* FirstServiceMock.swift */ = {isa = PBXFileReference; lastKnownFileType = sourcecode.swift; path = FirstServiceMock.swift; sourceTree = "<group>"; };
		39BE281A2A8FA49700624F28 /* FirstService.swift */ = {isa = PBXFileReference; lastKnownFileType = sourcecode.swift; path = FirstService.swift; sourceTree = "<group>"; };
		39BE281D2A8FA5BD00624F28 /* SecondView.swift */ = {isa = PBXFileReference; lastKnownFileType = sourcecode.swift; path = SecondView.swift; sourceTree = "<group>"; };
		39BE281F2A8FA5CB00624F28 /* SecondViewModelProtocol.swift */ = {isa = PBXFileReference; lastKnownFileType = sourcecode.swift; path = SecondViewModelProtocol.swift; sourceTree = "<group>"; };
		39BE28212A8FA63200624F28 /* SecondServiceProtocol.swift */ = {isa = PBXFileReference; lastKnownFileType = sourcecode.swift; path = SecondServiceProtocol.swift; sourceTree = "<group>"; };
		39BE28232A8FA68D00624F28 /* SecondViewModel.swift */ = {isa = PBXFileReference; lastKnownFileType = sourcecode.swift; path = SecondViewModel.swift; sourceTree = "<group>"; };
		39BE28252A8FA7C400624F28 /* SecondServiceMock.swift */ = {isa = PBXFileReference; lastKnownFileType = sourcecode.swift; path = SecondServiceMock.swift; sourceTree = "<group>"; };
		39BE28272A8FA85000624F28 /* SecondViewService.swift */ = {isa = PBXFileReference; lastKnownFileType = sourcecode.swift; path = SecondViewService.swift; sourceTree = "<group>"; };
		39F0431F2A8FBAD50075C323 /* DependencyInjectionTests.xctest */ = {isa = PBXFileReference; explicitFileType = wrapper.cfbundle; includeInIndex = 0; path = DependencyInjectionTests.xctest; sourceTree = BUILT_PRODUCTS_DIR; };
		39F043212A8FBAD50075C323 /* DependencyInjectionTests.swift */ = {isa = PBXFileReference; lastKnownFileType = sourcecode.swift; path = DependencyInjectionTests.swift; sourceTree = "<group>"; };
		39F043292A8FBAFE0075C323 /* FirstViewModelTests.swift */ = {isa = PBXFileReference; lastKnownFileType = sourcecode.swift; path = FirstViewModelTests.swift; sourceTree = "<group>"; };
		39F0432B2A8FBC7A0075C323 /* FirstServiceTests.swift */ = {isa = PBXFileReference; lastKnownFileType = sourcecode.swift; path = FirstServiceTests.swift; sourceTree = "<group>"; };
		39F0432D2A8FBDA70075C323 /* FirstServiceMockTests.swift */ = {isa = PBXFileReference; lastKnownFileType = sourcecode.swift; path = FirstServiceMockTests.swift; sourceTree = "<group>"; };
		39F043302A8FBE350075C323 /* SecondViewModelTests.swift */ = {isa = PBXFileReference; lastKnownFileType = sourcecode.swift; path = SecondViewModelTests.swift; sourceTree = "<group>"; };
		39F043322A8FBEAC0075C323 /* SecondServiceTests.swift */ = {isa = PBXFileReference; lastKnownFileType = sourcecode.swift; path = SecondServiceTests.swift; sourceTree = "<group>"; };
		39F043342A8FBF190075C323 /* SecondServiceMockTests.swift */ = {isa = PBXFileReference; lastKnownFileType = sourcecode.swift; path = SecondServiceMockTests.swift; sourceTree = "<group>"; };
/* End PBXFileReference section */

/* Begin PBXFrameworksBuildPhase section */
		39BE27F92A8F9DF200624F28 /* Frameworks */ = {
			isa = PBXFrameworksBuildPhase;
			buildActionMask = 2147483647;
			files = (
			);
			runOnlyForDeploymentPostprocessing = 0;
		};
		39F0431C2A8FBAD50075C323 /* Frameworks */ = {
			isa = PBXFrameworksBuildPhase;
			buildActionMask = 2147483647;
			files = (
			);
			runOnlyForDeploymentPostprocessing = 0;
		};
/* End PBXFrameworksBuildPhase section */

/* Begin PBXGroup section */
		39BE27F32A8F9DF200624F28 = {
			isa = PBXGroup;
			children = (
				39BE27FE2A8F9DF200624F28 /* DependencyInjection */,
				39F043202A8FBAD50075C323 /* DependencyInjectionTests */,
				39BE27FD2A8F9DF200624F28 /* Products */,
			);
			sourceTree = "<group>";
		};
		39BE27FD2A8F9DF200624F28 /* Products */ = {
			isa = PBXGroup;
			children = (
				39BE27FC2A8F9DF200624F28 /* DependencyInjection.app */,
				39F0431F2A8FBAD50075C323 /* DependencyInjectionTests.xctest */,
			);
			name = Products;
			sourceTree = "<group>";
		};
		39BE27FE2A8F9DF200624F28 /* DependencyInjection */ = {
			isa = PBXGroup;
			children = (
				39BE280E2A8F9E0900624F28 /* Modules */,
				39BE27FF2A8F9DF200624F28 /* DependencyInjectionApp.swift */,
				39BE28032A8F9DF300624F28 /* Assets.xcassets */,
				39BE28052A8F9DF300624F28 /* DependencyInjection.entitlements */,
				39BE28062A8F9DF300624F28 /* Preview Content */,
			);
			path = DependencyInjection;
			sourceTree = "<group>";
		};
		39BE28062A8F9DF300624F28 /* Preview Content */ = {
			isa = PBXGroup;
			children = (
				39BE28072A8F9DF300624F28 /* Preview Assets.xcassets */,
			);
			path = "Preview Content";
			sourceTree = "<group>";
		};
		39BE280E2A8F9E0900624F28 /* Modules */ = {
			isa = PBXGroup;
			children = (
				39BE281C2A8FA5B200624F28 /* Second */,
				39BE280F2A8F9E1100624F28 /* First */,
			);
			path = Modules;
			sourceTree = "<group>";
		};
		39BE280F2A8F9E1100624F28 /* First */ = {
			isa = PBXGroup;
			children = (
				39BE282E2A8FAD2200624F28 /* View */,
				39BE282D2A8FAD1900624F28 /* ViewModel */,
				39BE282C2A8FAD1100624F28 /* Service */,
			);
			path = First;
			sourceTree = "<group>";
		};
		39BE281C2A8FA5B200624F28 /* Second */ = {
			isa = PBXGroup;
			children = (
				39BE28292A8FACD000624F28 /* View */,
				39BE282A2A8FACD700624F28 /* ViewModel */,
				39BE282B2A8FACEC00624F28 /* Service */,
			);
			path = Second;
			sourceTree = "<group>";
		};
		39BE28292A8FACD000624F28 /* View */ = {
			isa = PBXGroup;
			children = (
				39BE281D2A8FA5BD00624F28 /* SecondView.swift */,
			);
			path = View;
			sourceTree = "<group>";
		};
		39BE282A2A8FACD700624F28 /* ViewModel */ = {
			isa = PBXGroup;
			children = (
				39BE281F2A8FA5CB00624F28 /* SecondViewModelProtocol.swift */,
				39BE28232A8FA68D00624F28 /* SecondViewModel.swift */,
			);
			path = ViewModel;
			sourceTree = "<group>";
		};
		39BE282B2A8FACEC00624F28 /* Service */ = {
			isa = PBXGroup;
			children = (
				39BE28212A8FA63200624F28 /* SecondServiceProtocol.swift */,
				39BE28252A8FA7C400624F28 /* SecondServiceMock.swift */,
				39BE28272A8FA85000624F28 /* SecondViewService.swift */,
			);
			path = Service;
			sourceTree = "<group>";
		};
		39BE282C2A8FAD1100624F28 /* Service */ = {
			isa = PBXGroup;
			children = (
				39BE28162A8FA24700624F28 /* FirstServiceProtocol.swift */,
				39BE28182A8FA42200624F28 /* FirstServiceMock.swift */,
				39BE281A2A8FA49700624F28 /* FirstService.swift */,
			);
			path = Service;
			sourceTree = "<group>";
		};
		39BE282D2A8FAD1900624F28 /* ViewModel */ = {
			isa = PBXGroup;
			children = (
				39BE28122A8F9E2900624F28 /* FirstViewModelProtocol.swift */,
				39BE28142A8FA0BC00624F28 /* FirstViewModel.swift */,
			);
			path = ViewModel;
			sourceTree = "<group>";
		};
		39BE282E2A8FAD2200624F28 /* View */ = {
			isa = PBXGroup;
			children = (
				39BE28102A8F9E1E00624F28 /* FirstView.swift */,
			);
			path = View;
			sourceTree = "<group>";
		};
		39F043202A8FBAD50075C323 /* DependencyInjectionTests */ = {
			isa = PBXGroup;
			children = (
				39F0432F2A8FBE1E0075C323 /* Second */,
				39F043282A8FBAE90075C323 /* First */,
				39F043212A8FBAD50075C323 /* DependencyInjectionTests.swift */,
			);
			path = DependencyInjectionTests;
			sourceTree = "<group>";
		};
		39F043282A8FBAE90075C323 /* First */ = {
			isa = PBXGroup;
			children = (
				39F043292A8FBAFE0075C323 /* FirstViewModelTests.swift */,
				39F0432B2A8FBC7A0075C323 /* FirstServiceTests.swift */,
				39F0432D2A8FBDA70075C323 /* FirstServiceMockTests.swift */,
			);
			path = First;
			sourceTree = "<group>";
		};
		39F0432F2A8FBE1E0075C323 /* Second */ = {
			isa = PBXGroup;
			children = (
				39F043302A8FBE350075C323 /* SecondViewModelTests.swift */,
				39F043322A8FBEAC0075C323 /* SecondServiceTests.swift */,
				39F043342A8FBF190075C323 /* SecondServiceMockTests.swift */,
			);
			path = Second;
			sourceTree = "<group>";
		};
/* End PBXGroup section */

/* Begin PBXNativeTarget section */
		39BE27FB2A8F9DF200624F28 /* DependencyInjection */ = {
			isa = PBXNativeTarget;
			buildConfigurationList = 39BE280B2A8F9DF300624F28 /* Build configuration list for PBXNativeTarget "DependencyInjection" */;
			buildPhases = (
				39BE27F82A8F9DF200624F28 /* Sources */,
				39BE27F92A8F9DF200624F28 /* Frameworks */,
				39BE27FA2A8F9DF200624F28 /* Resources */,
			);
			buildRules = (
			);
			dependencies = (
			);
			name = DependencyInjection;
			productName = DependencyInjection;
			productReference = 39BE27FC2A8F9DF200624F28 /* DependencyInjection.app */;
			productType = "com.apple.product-type.application";
		};
		39F0431E2A8FBAD50075C323 /* DependencyInjectionTests */ = {
			isa = PBXNativeTarget;
			buildConfigurationList = 39F043272A8FBAD50075C323 /* Build configuration list for PBXNativeTarget "DependencyInjectionTests" */;
			buildPhases = (
				39F0431B2A8FBAD50075C323 /* Sources */,
				39F0431C2A8FBAD50075C323 /* Frameworks */,
				39F0431D2A8FBAD50075C323 /* Resources */,
			);
			buildRules = (
			);
			dependencies = (
				39F043242A8FBAD50075C323 /* PBXTargetDependency */,
			);
			name = DependencyInjectionTests;
			productName = DependencyInjectionTests;
			productReference = 39F0431F2A8FBAD50075C323 /* DependencyInjectionTests.xctest */;
			productType = "com.apple.product-type.bundle.unit-test";
		};
/* End PBXNativeTarget section */

/* Begin PBXProject section */
		39BE27F42A8F9DF200624F28 /* Project object */ = {
			isa = PBXProject;
			attributes = {
				BuildIndependentTargetsInParallel = 1;
				LastSwiftUpdateCheck = 1420;
				LastUpgradeCheck = 1430;
				TargetAttributes = {
					39BE27FB2A8F9DF200624F28 = {
						CreatedOnToolsVersion = 14.3.1;
					};
					39F0431E2A8FBAD50075C323 = {
						CreatedOnToolsVersion = 14.2;
						TestTargetID = 39BE27FB2A8F9DF200624F28;
					};
				};
			};
			buildConfigurationList = 39BE27F72A8F9DF200624F28 /* Build configuration list for PBXProject "DependencyInjection" */;
			compatibilityVersion = "Xcode 14.0";
			developmentRegion = en;
			hasScannedForEncodings = 0;
			knownRegions = (
				en,
				Base,
			);
			mainGroup = 39BE27F32A8F9DF200624F28;
			productRefGroup = 39BE27FD2A8F9DF200624F28 /* Products */;
			projectDirPath = "";
			projectRoot = "";
			targets = (
				39BE27FB2A8F9DF200624F28 /* DependencyInjection */,
				39F0431E2A8FBAD50075C323 /* DependencyInjectionTests */,
			);
		};
/* End PBXProject section */

/* Begin PBXResourcesBuildPhase section */
		39BE27FA2A8F9DF200624F28 /* Resources */ = {
			isa = PBXResourcesBuildPhase;
			buildActionMask = 2147483647;
			files = (
				39BE28082A8F9DF300624F28 /* Preview Assets.xcassets in Resources */,
				39BE28042A8F9DF300624F28 /* Assets.xcassets in Resources */,
			);
			runOnlyForDeploymentPostprocessing = 0;
		};
		39F0431D2A8FBAD50075C323 /* Resources */ = {
			isa = PBXResourcesBuildPhase;
			buildActionMask = 2147483647;
			files = (
			);
			runOnlyForDeploymentPostprocessing = 0;
		};
/* End PBXResourcesBuildPhase section */

/* Begin PBXSourcesBuildPhase section */
		39BE27F82A8F9DF200624F28 /* Sources */ = {
			isa = PBXSourcesBuildPhase;
			buildActionMask = 2147483647;
			files = (
				39BE28202A8FA5CB00624F28 /* SecondViewModelProtocol.swift in Sources */,
				39BE28282A8FA85000624F28 /* SecondViewService.swift in Sources */,
				39BE28002A8F9DF200624F28 /* DependencyInjectionApp.swift in Sources */,
				39BE28132A8F9E2900624F28 /* FirstViewModelProtocol.swift in Sources */,
				39BE281E2A8FA5BD00624F28 /* SecondView.swift in Sources */,
				39BE281B2A8FA49700624F28 /* FirstService.swift in Sources */,
				39BE28172A8FA24700624F28 /* FirstServiceProtocol.swift in Sources */,
				39BE28112A8F9E1E00624F28 /* FirstView.swift in Sources */,
				39BE28242A8FA68D00624F28 /* SecondViewModel.swift in Sources */,
				39BE28192A8FA42200624F28 /* FirstServiceMock.swift in Sources */,
				39BE28262A8FA7C400624F28 /* SecondServiceMock.swift in Sources */,
				39BE28152A8FA0BC00624F28 /* FirstViewModel.swift in Sources */,
				39BE28222A8FA63200624F28 /* SecondServiceProtocol.swift in Sources */,
			);
			runOnlyForDeploymentPostprocessing = 0;
		};
		39F0431B2A8FBAD50075C323 /* Sources */ = {
			isa = PBXSourcesBuildPhase;
			buildActionMask = 2147483647;
			files = (
				39F043352A8FBF190075C323 /* SecondServiceMockTests.swift in Sources */,
				39F0432E2A8FBDA70075C323 /* FirstServiceMockTests.swift in Sources */,
				39F043222A8FBAD50075C323 /* DependencyInjectionTests.swift in Sources */,
				39F043312A8FBE350075C323 /* SecondViewModelTests.swift in Sources */,
				39F0432A2A8FBAFE0075C323 /* FirstViewModelTests.swift in Sources */,
				39F0432C2A8FBC7A0075C323 /* FirstServiceTests.swift in Sources */,
				39F043332A8FBEAC0075C323 /* SecondServiceTests.swift in Sources */,
			);
			runOnlyForDeploymentPostprocessing = 0;
		};
/* End PBXSourcesBuildPhase section */

/* Begin PBXTargetDependency section */
		39F043242A8FBAD50075C323 /* PBXTargetDependency */ = {
			isa = PBXTargetDependency;
			target = 39BE27FB2A8F9DF200624F28 /* DependencyInjection */;
			targetProxy = 39F043232A8FBAD50075C323 /* PBXContainerItemProxy */;
		};
/* End PBXTargetDependency section */

/* Begin XCBuildConfiguration section */
		39BE28092A8F9DF300624F28 /* Debug */ = {
			isa = XCBuildConfiguration;
			buildSettings = {
				ALWAYS_SEARCH_USER_PATHS = NO;
				CLANG_ANALYZER_NONNULL = YES;
				CLANG_ANALYZER_NUMBER_OBJECT_CONVERSION = YES_AGGRESSIVE;
				CLANG_CXX_LANGUAGE_STANDARD = "gnu++20";
				CLANG_ENABLE_MODULES = YES;
				CLANG_ENABLE_OBJC_ARC = YES;
				CLANG_ENABLE_OBJC_WEAK = YES;
				CLANG_WARN_BLOCK_CAPTURE_AUTORELEASING = YES;
				CLANG_WARN_BOOL_CONVERSION = YES;
				CLANG_WARN_COMMA = YES;
				CLANG_WARN_CONSTANT_CONVERSION = YES;
				CLANG_WARN_DEPRECATED_OBJC_IMPLEMENTATIONS = YES;
				CLANG_WARN_DIRECT_OBJC_ISA_USAGE = YES_ERROR;
				CLANG_WARN_DOCUMENTATION_COMMENTS = YES;
				CLANG_WARN_EMPTY_BODY = YES;
				CLANG_WARN_ENUM_CONVERSION = YES;
				CLANG_WARN_INFINITE_RECURSION = YES;
				CLANG_WARN_INT_CONVERSION = YES;
				CLANG_WARN_NON_LITERAL_NULL_CONVERSION = YES;
				CLANG_WARN_OBJC_IMPLICIT_RETAIN_SELF = YES;
				CLANG_WARN_OBJC_LITERAL_CONVERSION = YES;
				CLANG_WARN_OBJC_ROOT_CLASS = YES_ERROR;
				CLANG_WARN_QUOTED_INCLUDE_IN_FRAMEWORK_HEADER = YES;
				CLANG_WARN_RANGE_LOOP_ANALYSIS = YES;
				CLANG_WARN_STRICT_PROTOTYPES = YES;
				CLANG_WARN_SUSPICIOUS_MOVE = YES;
				CLANG_WARN_UNGUARDED_AVAILABILITY = YES_AGGRESSIVE;
				CLANG_WARN_UNREACHABLE_CODE = YES;
				CLANG_WARN__DUPLICATE_METHOD_MATCH = YES;
				COPY_PHASE_STRIP = NO;
				DEBUG_INFORMATION_FORMAT = dwarf;
				ENABLE_STRICT_OBJC_MSGSEND = YES;
				ENABLE_TESTABILITY = YES;
				GCC_C_LANGUAGE_STANDARD = gnu11;
				GCC_DYNAMIC_NO_PIC = NO;
				GCC_NO_COMMON_BLOCKS = YES;
				GCC_OPTIMIZATION_LEVEL = 0;
				GCC_PREPROCESSOR_DEFINITIONS = (
					"DEBUG=1",
					"$(inherited)",
				);
				GCC_WARN_64_TO_32_BIT_CONVERSION = YES;
				GCC_WARN_ABOUT_RETURN_TYPE = YES_ERROR;
				GCC_WARN_UNDECLARED_SELECTOR = YES;
				GCC_WARN_UNINITIALIZED_AUTOS = YES_AGGRESSIVE;
				GCC_WARN_UNUSED_FUNCTION = YES;
				GCC_WARN_UNUSED_VARIABLE = YES;
				MTL_ENABLE_DEBUG_INFO = INCLUDE_SOURCE;
				MTL_FAST_MATH = YES;
				ONLY_ACTIVE_ARCH = YES;
				SWIFT_ACTIVE_COMPILATION_CONDITIONS = DEBUG;
				SWIFT_OPTIMIZATION_LEVEL = "-Onone";
			};
			name = Debug;
		};
		39BE280A2A8F9DF300624F28 /* Release */ = {
			isa = XCBuildConfiguration;
			buildSettings = {
				ALWAYS_SEARCH_USER_PATHS = NO;
				CLANG_ANALYZER_NONNULL = YES;
				CLANG_ANALYZER_NUMBER_OBJECT_CONVERSION = YES_AGGRESSIVE;
				CLANG_CXX_LANGUAGE_STANDARD = "gnu++20";
				CLANG_ENABLE_MODULES = YES;
				CLANG_ENABLE_OBJC_ARC = YES;
				CLANG_ENABLE_OBJC_WEAK = YES;
				CLANG_WARN_BLOCK_CAPTURE_AUTORELEASING = YES;
				CLANG_WARN_BOOL_CONVERSION = YES;
				CLANG_WARN_COMMA = YES;
				CLANG_WARN_CONSTANT_CONVERSION = YES;
				CLANG_WARN_DEPRECATED_OBJC_IMPLEMENTATIONS = YES;
				CLANG_WARN_DIRECT_OBJC_ISA_USAGE = YES_ERROR;
				CLANG_WARN_DOCUMENTATION_COMMENTS = YES;
				CLANG_WARN_EMPTY_BODY = YES;
				CLANG_WARN_ENUM_CONVERSION = YES;
				CLANG_WARN_INFINITE_RECURSION = YES;
				CLANG_WARN_INT_CONVERSION = YES;
				CLANG_WARN_NON_LITERAL_NULL_CONVERSION = YES;
				CLANG_WARN_OBJC_IMPLICIT_RETAIN_SELF = YES;
				CLANG_WARN_OBJC_LITERAL_CONVERSION = YES;
				CLANG_WARN_OBJC_ROOT_CLASS = YES_ERROR;
				CLANG_WARN_QUOTED_INCLUDE_IN_FRAMEWORK_HEADER = YES;
				CLANG_WARN_RANGE_LOOP_ANALYSIS = YES;
				CLANG_WARN_STRICT_PROTOTYPES = YES;
				CLANG_WARN_SUSPICIOUS_MOVE = YES;
				CLANG_WARN_UNGUARDED_AVAILABILITY = YES_AGGRESSIVE;
				CLANG_WARN_UNREACHABLE_CODE = YES;
				CLANG_WARN__DUPLICATE_METHOD_MATCH = YES;
				COPY_PHASE_STRIP = NO;
				DEBUG_INFORMATION_FORMAT = "dwarf-with-dsym";
				ENABLE_NS_ASSERTIONS = NO;
				ENABLE_STRICT_OBJC_MSGSEND = YES;
				GCC_C_LANGUAGE_STANDARD = gnu11;
				GCC_NO_COMMON_BLOCKS = YES;
				GCC_WARN_64_TO_32_BIT_CONVERSION = YES;
				GCC_WARN_ABOUT_RETURN_TYPE = YES_ERROR;
				GCC_WARN_UNDECLARED_SELECTOR = YES;
				GCC_WARN_UNINITIALIZED_AUTOS = YES_AGGRESSIVE;
				GCC_WARN_UNUSED_FUNCTION = YES;
				GCC_WARN_UNUSED_VARIABLE = YES;
				MTL_ENABLE_DEBUG_INFO = NO;
				MTL_FAST_MATH = YES;
				SWIFT_COMPILATION_MODE = wholemodule;
				SWIFT_OPTIMIZATION_LEVEL = "-O";
			};
			name = Release;
		};
		39BE280C2A8F9DF300624F28 /* Debug */ = {
			isa = XCBuildConfiguration;
			buildSettings = {
				ASSETCATALOG_COMPILER_APPICON_NAME = AppIcon;
				ASSETCATALOG_COMPILER_GLOBAL_ACCENT_COLOR_NAME = AccentColor;
				CODE_SIGN_ENTITLEMENTS = DependencyInjection/DependencyInjection.entitlements;
				CODE_SIGN_STYLE = Automatic;
				CURRENT_PROJECT_VERSION = 1;
				DEVELOPMENT_ASSET_PATHS = "\"DependencyInjection/Preview Content\"";
				DEVELOPMENT_TEAM = Y66AZU6P9N;
				ENABLE_HARDENED_RUNTIME = YES;
				ENABLE_PREVIEWS = YES;
				GENERATE_INFOPLIST_FILE = YES;
				"INFOPLIST_KEY_UIApplicationSceneManifest_Generation[sdk=iphoneos*]" = YES;
				"INFOPLIST_KEY_UIApplicationSceneManifest_Generation[sdk=iphonesimulator*]" = YES;
				"INFOPLIST_KEY_UIApplicationSupportsIndirectInputEvents[sdk=iphoneos*]" = YES;
				"INFOPLIST_KEY_UIApplicationSupportsIndirectInputEvents[sdk=iphonesimulator*]" = YES;
				"INFOPLIST_KEY_UILaunchScreen_Generation[sdk=iphoneos*]" = YES;
				"INFOPLIST_KEY_UILaunchScreen_Generation[sdk=iphonesimulator*]" = YES;
				"INFOPLIST_KEY_UIStatusBarStyle[sdk=iphoneos*]" = UIStatusBarStyleDefault;
				"INFOPLIST_KEY_UIStatusBarStyle[sdk=iphonesimulator*]" = UIStatusBarStyleDefault;
				INFOPLIST_KEY_UISupportedInterfaceOrientations_iPad = "UIInterfaceOrientationPortrait UIInterfaceOrientationPortraitUpsideDown UIInterfaceOrientationLandscapeLeft UIInterfaceOrientationLandscapeRight";
				INFOPLIST_KEY_UISupportedInterfaceOrientations_iPhone = "UIInterfaceOrientationPortrait UIInterfaceOrientationLandscapeLeft UIInterfaceOrientationLandscapeRight";
				IPHONEOS_DEPLOYMENT_TARGET = 15.0;
				LD_RUNPATH_SEARCH_PATHS = "@executable_path/Frameworks";
				"LD_RUNPATH_SEARCH_PATHS[sdk=macosx*]" = "@executable_path/../Frameworks";
				MACOSX_DEPLOYMENT_TARGET = 13.2;
				MARKETING_VERSION = 1.0;
				PRODUCT_BUNDLE_IDENTIFIER = br.com.bca.DependencyInjection;
				PRODUCT_NAME = "$(TARGET_NAME)";
				SDKROOT = auto;
				SUPPORTED_PLATFORMS = "iphoneos iphonesimulator";
				SUPPORTS_MACCATALYST = NO;
				SUPPORTS_MAC_DESIGNED_FOR_IPHONE_IPAD = NO;
				SWIFT_EMIT_LOC_STRINGS = YES;
				SWIFT_VERSION = 5.0;
				TARGETED_DEVICE_FAMILY = 1;
			};
			name = Debug;
		};
		39BE280D2A8F9DF300624F28 /* Release */ = {
			isa = XCBuildConfiguration;
			buildSettings = {
				ASSETCATALOG_COMPILER_APPICON_NAME = AppIcon;
				ASSETCATALOG_COMPILER_GLOBAL_ACCENT_COLOR_NAME = AccentColor;
				CODE_SIGN_ENTITLEMENTS = DependencyInjection/DependencyInjection.entitlements;
				CODE_SIGN_STYLE = Automatic;
				CURRENT_PROJECT_VERSION = 1;
				DEVELOPMENT_ASSET_PATHS = "\"DependencyInjection/Preview Content\"";
				DEVELOPMENT_TEAM = Y66AZU6P9N;
				ENABLE_HARDENED_RUNTIME = YES;
				ENABLE_PREVIEWS = YES;
				GENERATE_INFOPLIST_FILE = YES;
				"INFOPLIST_KEY_UIApplicationSceneManifest_Generation[sdk=iphoneos*]" = YES;
				"INFOPLIST_KEY_UIApplicationSceneManifest_Generation[sdk=iphonesimulator*]" = YES;
				"INFOPLIST_KEY_UIApplicationSupportsIndirectInputEvents[sdk=iphoneos*]" = YES;
				"INFOPLIST_KEY_UIApplicationSupportsIndirectInputEvents[sdk=iphonesimulator*]" = YES;
				"INFOPLIST_KEY_UILaunchScreen_Generation[sdk=iphoneos*]" = YES;
				"INFOPLIST_KEY_UILaunchScreen_Generation[sdk=iphonesimulator*]" = YES;
				"INFOPLIST_KEY_UIStatusBarStyle[sdk=iphoneos*]" = UIStatusBarStyleDefault;
				"INFOPLIST_KEY_UIStatusBarStyle[sdk=iphonesimulator*]" = UIStatusBarStyleDefault;
				INFOPLIST_KEY_UISupportedInterfaceOrientations_iPad = "UIInterfaceOrientationPortrait UIInterfaceOrientationPortraitUpsideDown UIInterfaceOrientationLandscapeLeft UIInterfaceOrientationLandscapeRight";
				INFOPLIST_KEY_UISupportedInterfaceOrientations_iPhone = "UIInterfaceOrientationPortrait UIInterfaceOrientationLandscapeLeft UIInterfaceOrientationLandscapeRight";
				IPHONEOS_DEPLOYMENT_TARGET = 15.0;
				LD_RUNPATH_SEARCH_PATHS = "@executable_path/Frameworks";
				"LD_RUNPATH_SEARCH_PATHS[sdk=macosx*]" = "@executable_path/../Frameworks";
				MACOSX_DEPLOYMENT_TARGET = 13.2;
				MARKETING_VERSION = 1.0;
				PRODUCT_BUNDLE_IDENTIFIER = br.com.bca.DependencyInjection;
				PRODUCT_NAME = "$(TARGET_NAME)";
				SDKROOT = auto;
				SUPPORTED_PLATFORMS = "iphoneos iphonesimulator";
				SUPPORTS_MACCATALYST = NO;
				SUPPORTS_MAC_DESIGNED_FOR_IPHONE_IPAD = NO;
				SWIFT_EMIT_LOC_STRINGS = YES;
				SWIFT_VERSION = 5.0;
				TARGETED_DEVICE_FAMILY = 1;
			};
			name = Release;
		};
		39F043252A8FBAD50075C323 /* Debug */ = {
			isa = XCBuildConfiguration;
			buildSettings = {
				BUNDLE_LOADER = "$(TEST_HOST)";
				CODE_SIGN_STYLE = Automatic;
				CURRENT_PROJECT_VERSION = 1;
				DEVELOPMENT_TEAM = Y66AZU6P9N;
				GENERATE_INFOPLIST_FILE = YES;
				IPHONEOS_DEPLOYMENT_TARGET = 15.0;
				MARKETING_VERSION = 1.0;
				PRODUCT_BUNDLE_IDENTIFIER = br.com.bca.DependencyInjectionTests;
				PRODUCT_NAME = "$(TARGET_NAME)";
				SDKROOT = iphoneos;
				SWIFT_EMIT_LOC_STRINGS = NO;
				SWIFT_VERSION = 5.0;
				TARGETED_DEVICE_FAMILY = "1,2";
				TEST_HOST = "$(BUILT_PRODUCTS_DIR)/DependencyInjection.app/$(BUNDLE_EXECUTABLE_FOLDER_PATH)/DependencyInjection";
			};
			name = Debug;
		};
		39F043262A8FBAD50075C323 /* Release */ = {
			isa = XCBuildConfiguration;
			buildSettings = {
				BUNDLE_LOADER = "$(TEST_HOST)";
				CODE_SIGN_STYLE = Automatic;
				CURRENT_PROJECT_VERSION = 1;
				DEVELOPMENT_TEAM = Y66AZU6P9N;
				GENERATE_INFOPLIST_FILE = YES;
				IPHONEOS_DEPLOYMENT_TARGET = 15.0;
				MARKETING_VERSION = 1.0;
				PRODUCT_BUNDLE_IDENTIFIER = br.com.bca.DependencyInjectionTests;
				PRODUCT_NAME = "$(TARGET_NAME)";
				SDKROOT = iphoneos;
				SWIFT_EMIT_LOC_STRINGS = NO;
				SWIFT_VERSION = 5.0;
				TARGETED_DEVICE_FAMILY = "1,2";
				TEST_HOST = "$(BUILT_PRODUCTS_DIR)/DependencyInjection.app/$(BUNDLE_EXECUTABLE_FOLDER_PATH)/DependencyInjection";
				VALIDATE_PRODUCT = YES;
			};
			name = Release;
		};
/* End XCBuildConfiguration section */

/* Begin XCConfigurationList section */
		39BE27F72A8F9DF200624F28 /* Build configuration list for PBXProject "DependencyInjection" */ = {
			isa = XCConfigurationList;
			buildConfigurations = (
				39BE28092A8F9DF300624F28 /* Debug */,
				39BE280A2A8F9DF300624F28 /* Release */,
			);
			defaultConfigurationIsVisible = 0;
			defaultConfigurationName = Release;
		};
		39BE280B2A8F9DF300624F28 /* Build configuration list for PBXNativeTarget "DependencyInjection" */ = {
			isa = XCConfigurationList;
			buildConfigurations = (
				39BE280C2A8F9DF300624F28 /* Debug */,
				39BE280D2A8F9DF300624F28 /* Release */,
			);
			defaultConfigurationIsVisible = 0;
			defaultConfigurationName = Release;
		};
		39F043272A8FBAD50075C323 /* Build configuration list for PBXNativeTarget "DependencyInjectionTests" */ = {
			isa = XCConfigurationList;
			buildConfigurations = (
				39F043252A8FBAD50075C323 /* Debug */,
				39F043262A8FBAD50075C323 /* Release */,
			);
			defaultConfigurationIsVisible = 0;
			defaultConfigurationName = Release;
		};
/* End XCConfigurationList section */
	};
	rootObject = 39BE27F42A8F9DF200624F28 /* Project object */;
}
